
Microsoft Visual Studio Solution File, Format Version 12.00
# Visual Studio Version 17
VisualStudioVersion = 17.4.33110.190
MinimumVisualStudioVersion = 10.0.40219.1
Project("{FAE04EC0-301F-11D3-BF4B-00C04F79EFBC}") = "HW_4", "HW_4\HW_4.csproj", "{94CA13A1-E392-4D42-B5B7-6B4638DA2148}"
EndProject
Global
	GlobalSection(SolutionConfigurationPlatforms) = preSolution
		Debug|Any CPU = Debug|Any CPU
		Release|Any CPU = Release|Any CPU
	EndGlobalSection
	GlobalSection(ProjectConfigurationPlatforms) = postSolution
		{94CA13A1-E392-4D42-B5B7-6B4638DA2148}.Debug|Any CPU.ActiveCfg = Debug|Any CPU
		{94CA13A1-E392-4D42-B5B7-6B4638DA2148}.Debug|Any CPU.Build.0 = Debug|Any CPU
		{94CA13A1-E392-4D42-B5B7-6B4638DA2148}.Release|Any CPU.ActiveCfg = Release|Any CPU
		{94CA13A1-E392-4D42-B5B7-6B4638DA2148}.Release|Any CPU.Build.0 = Release|Any CPU
	EndGlobalSection
	GlobalSection(SolutionProperties) = preSolution
		HideSolutionNode = FALSE
	EndGlobalSection
	GlobalSection(ExtensibilityGlobals) = postSolution
		SolutionGuid = {BFED58B2-39E9-4D09-8B30-D5AD70A6BA2B}
	EndGlobalSection
EndGlobal
